
Microsoft Visual Studio Solution File, Format Version 12.00
# Visual Studio Version 17
VisualStudioVersion = 17.4.33205.214
MinimumVisualStudioVersion = 10.0.40219.1
Project("{FAE04EC0-301F-11D3-BF4B-00C04F79EFBC}") = "CdSkivorMedLogin", "CdSkivorMedLogin\CdSkivorMedLogin.csproj", "{303BB2CC-488B-4DF4-8A30-E3BBC2EF615F}"
EndProject
Project("{FAE04EC0-301F-11D3-BF4B-00C04F79EFBC}") = "CdSkivorLoginApi", "CdSkivorLoginApi\CdSkivorLoginApi.csproj", "{6C1376DF-2EC1-4C05-A136-335BBCDAB451}"
EndProject
Global
	GlobalSection(SolutionConfigurationPlatforms) = preSolution
		Debug|Any CPU = Debug|Any CPU
		Release|Any CPU = Release|Any CPU
	EndGlobalSection
	GlobalSection(ProjectConfigurationPlatforms) = postSolution
		{303BB2CC-488B-4DF4-8A30-E3BBC2EF615F}.Debug|Any CPU.ActiveCfg = Debug|Any CPU
		{303BB2CC-488B-4DF4-8A30-E3BBC2EF615F}.Debug|Any CPU.Build.0 = Debug|Any CPU
		{303BB2CC-488B-4DF4-8A30-E3BBC2EF615F}.Release|Any CPU.ActiveCfg = Release|Any CPU
		{303BB2CC-488B-4DF4-8A30-E3BBC2EF615F}.Release|Any CPU.Build.0 = Release|Any CPU
		{6C1376DF-2EC1-4C05-A136-335BBCDAB451}.Debug|Any CPU.ActiveCfg = Debug|Any CPU
		{6C1376DF-2EC1-4C05-A136-335BBCDAB451}.Debug|Any CPU.Build.0 = Debug|Any CPU
		{6C1376DF-2EC1-4C05-A136-335BBCDAB451}.Release|Any CPU.ActiveCfg = Release|Any CPU
		{6C1376DF-2EC1-4C05-A136-335BBCDAB451}.Release|Any CPU.Build.0 = Release|Any CPU
	EndGlobalSection
	GlobalSection(SolutionProperties) = preSolution
		HideSolutionNode = FALSE
	EndGlobalSection
	GlobalSection(ExtensibilityGlobals) = postSolution
		SolutionGuid = {ABBE89E9-DED9-4CA3-8DBA-C6145251EA0C}
	EndGlobalSection
EndGlobal
